
Microsoft Visual Studio Solution File, Format Version 12.00
# Visual Studio 15
VisualStudioVersion = 15.0.26730.16
MinimumVisualStudioVersion = 10.0.40219.1
Project("{FAE04EC0-301F-11D3-BF4B-00C04F79EFBC}") = "Test", "Test\Test.csproj", "{29A745D4-5A2F-4170-A0F1-54C77F151892}"
EndProject
Project("{FAE04EC0-301F-11D3-BF4B-00C04F79EFBC}") = "Log2Console", "Log2Console\Log2Console.csproj", "{EE81C506-55E4-417E-B1D6-09453F89C7CD}"
EndProject
Project("{54435603-DBB4-11D2-8724-00A0C9A8B90C}") = "L2C_Setup", "L2C_Setup\L2C_Setup.vdproj", "{19438485-B918-42F2-8DC7-F352D24AC55E}"
EndProject
Project("{FAE04EC0-301F-11D3-BF4B-00C04F79EFBC}") = "TestNLog", "TestNLog\TestNLog.csproj", "{7C4E8E11-81E3-4297-A4D9-6F6DB90C8EF7}"
EndProject
Project("{FAE04EC0-301F-11D3-BF4B-00C04F79EFBC}") = "RichTextBoxLinks", "RichTextBoxLinks\RichTextBoxLinks.csproj", "{8B833B00-BB4C-4FAF-B6C4-BF77824F96A1}"
EndProject
Global
	GlobalSection(SolutionConfigurationPlatforms) = preSolution
		CodeAnalysisDebug|Any CPU = CodeAnalysisDebug|Any CPU
		Debug|Any CPU = Debug|Any CPU
		Release|Any CPU = Release|Any CPU
	EndGlobalSection
	GlobalSection(ProjectConfigurationPlatforms) = postSolution
		{29A745D4-5A2F-4170-A0F1-54C77F151892}.CodeAnalysisDebug|Any CPU.ActiveCfg = Debug|Any CPU
		{29A745D4-5A2F-4170-A0F1-54C77F151892}.CodeAnalysisDebug|Any CPU.Build.0 = Debug|Any CPU
		{29A745D4-5A2F-4170-A0F1-54C77F151892}.Debug|Any CPU.ActiveCfg = Debug|Any CPU
		{29A745D4-5A2F-4170-A0F1-54C77F151892}.Debug|Any CPU.Build.0 = Debug|Any CPU
		{29A745D4-5A2F-4170-A0F1-54C77F151892}.Release|Any CPU.ActiveCfg = Release|Any CPU
		{29A745D4-5A2F-4170-A0F1-54C77F151892}.Release|Any CPU.Build.0 = Release|Any CPU
		{EE81C506-55E4-417E-B1D6-09453F89C7CD}.CodeAnalysisDebug|Any CPU.ActiveCfg = Debug|Any CPU
		{EE81C506-55E4-417E-B1D6-09453F89C7CD}.CodeAnalysisDebug|Any CPU.Build.0 = Debug|Any CPU
		{EE81C506-55E4-417E-B1D6-09453F89C7CD}.Debug|Any CPU.ActiveCfg = Debug|Any CPU
		{EE81C506-55E4-417E-B1D6-09453F89C7CD}.Debug|Any CPU.Build.0 = Debug|Any CPU
		{EE81C506-55E4-417E-B1D6-09453F89C7CD}.Release|Any CPU.ActiveCfg = Release|Any CPU
		{EE81C506-55E4-417E-B1D6-09453F89C7CD}.Release|Any CPU.Build.0 = Release|Any CPU
		{19438485-B918-42F2-8DC7-F352D24AC55E}.CodeAnalysisDebug|Any CPU.ActiveCfg = Debug
		{19438485-B918-42F2-8DC7-F352D24AC55E}.CodeAnalysisDebug|Any CPU.Build.0 = Debug
		{19438485-B918-42F2-8DC7-F352D24AC55E}.Debug|Any CPU.ActiveCfg = Debug
		{19438485-B918-42F2-8DC7-F352D24AC55E}.Release|Any CPU.ActiveCfg = Release
		{7C4E8E11-81E3-4297-A4D9-6F6DB90C8EF7}.CodeAnalysisDebug|Any CPU.ActiveCfg = Debug|Any CPU
		{7C4E8E11-81E3-4297-A4D9-6F6DB90C8EF7}.CodeAnalysisDebug|Any CPU.Build.0 = Debug|Any CPU
		{7C4E8E11-81E3-4297-A4D9-6F6DB90C8EF7}.Debug|Any CPU.ActiveCfg = Debug|Any CPU
		{7C4E8E11-81E3-4297-A4D9-6F6DB90C8EF7}.Debug|Any CPU.Build.0 = Debug|Any CPU
		{7C4E8E11-81E3-4297-A4D9-6F6DB90C8EF7}.Release|Any CPU.ActiveCfg = Release|Any CPU
		{8B833B00-BB4C-4FAF-B6C4-BF77824F96A1}.CodeAnalysisDebug|Any CPU.ActiveCfg = Debug|Any CPU
		{8B833B00-BB4C-4FAF-B6C4-BF77824F96A1}.CodeAnalysisDebug|Any CPU.Build.0 = Debug|Any CPU
		{8B833B00-BB4C-4FAF-B6C4-BF77824F96A1}.Debug|Any CPU.ActiveCfg = Debug|Any CPU
		{8B833B00-BB4C-4FAF-B6C4-BF77824F96A1}.Debug|Any CPU.Build.0 = Debug|Any CPU
		{8B833B00-BB4C-4FAF-B6C4-BF77824F96A1}.Release|Any CPU.ActiveCfg = Release|Any CPU
		{8B833B00-BB4C-4FAF-B6C4-BF77824F96A1}.Release|Any CPU.Build.0 = Release|Any CPU
	EndGlobalSection
	GlobalSection(SolutionProperties) = preSolution
		HideSolutionNode = FALSE
	EndGlobalSection
	GlobalSection(ExtensibilityGlobals) = postSolution
		SolutionGuid = {6ED21835-02B5-4EC2-A696-84EF19CA0486}
	EndGlobalSection
EndGlobal
