
Microsoft Visual Studio Solution File, Format Version 12.00
# Visual Studio Version 16
VisualStudioVersion = 16.0.31729.503
MinimumVisualStudioVersion = 10.0.40219.1
Project("{FAE04EC0-301F-11D3-BF4B-00C04F79EFBC}") = "Test", "Test\Test.csproj", "{29A745D4-5A2F-4170-A0F1-54C77F151892}"
EndProject
Project("{FAE04EC0-301F-11D3-BF4B-00C04F79EFBC}") = "Log2Console", "Log2Console\Log2Console.csproj", "{EE81C506-55E4-417E-B1D6-09453F89C7CD}"
EndProject
Project("{2150E333-8FDC-42A3-9474-1A3956D46DE8}") = "WindowsAPICodePack", "WindowsAPICodePack", "{3E29A216-D8DA-4858-9EB0-D9C0C565C50B}"
EndProject
Project("{FAE04EC0-301F-11D3-BF4B-00C04F79EFBC}") = "Core", "External\WindowsAPICodePack\Core\Core.csproj", "{2E1FB0DF-F9BB-4909-9F32-2D9D022A8E57}"
EndProject
Project("{FAE04EC0-301F-11D3-BF4B-00C04F79EFBC}") = "Shell", "External\WindowsAPICodePack\Shell\Shell.csproj", "{AA0C00CB-8699-4F37-BFAE-40CA87ACC06D}"
EndProject
Project("{FAE04EC0-301F-11D3-BF4B-00C04F79EFBC}") = "TestNLog", "TestNLog\TestNLog.csproj", "{7C4E8E11-81E3-4297-A4D9-6F6DB90C8EF7}"
EndProject
Project("{FAE04EC0-301F-11D3-BF4B-00C04F79EFBC}") = "ICSharpCode.TextEditor", "ICSharpCode.TextEditor\ICSharpCode.TextEditor.csproj", "{2D18BE89-D210-49EB-A9DD-2246FBB3DF6D}"
EndProject
Project("{FAE04EC0-301F-11D3-BF4B-00C04F79EFBC}") = "RichTextBoxLinks", "RichTextBoxLinks\RichTextBoxLinks.csproj", "{8B833B00-BB4C-4FAF-B6C4-BF77824F96A1}"
EndProject
Global
	GlobalSection(SolutionConfigurationPlatforms) = preSolution
		CodeAnalysisDebug|Any CPU = CodeAnalysisDebug|Any CPU
		Debug|Any CPU = Debug|Any CPU
		Release|Any CPU = Release|Any CPU
	EndGlobalSection
	GlobalSection(ProjectConfigurationPlatforms) = postSolution
		{29A745D4-5A2F-4170-A0F1-54C77F151892}.CodeAnalysisDebug|Any CPU.ActiveCfg = Debug|Any CPU
		{29A745D4-5A2F-4170-A0F1-54C77F151892}.CodeAnalysisDebug|Any CPU.Build.0 = Debug|Any CPU
		{29A745D4-5A2F-4170-A0F1-54C77F151892}.Debug|Any CPU.ActiveCfg = Debug|Any CPU
		{29A745D4-5A2F-4170-A0F1-54C77F151892}.Debug|Any CPU.Build.0 = Debug|Any CPU
		{29A745D4-5A2F-4170-A0F1-54C77F151892}.Release|Any CPU.ActiveCfg = Release|Any CPU
		{29A745D4-5A2F-4170-A0F1-54C77F151892}.Release|Any CPU.Build.0 = Release|Any CPU
		{EE81C506-55E4-417E-B1D6-09453F89C7CD}.CodeAnalysisDebug|Any CPU.ActiveCfg = Debug|Any CPU
		{EE81C506-55E4-417E-B1D6-09453F89C7CD}.CodeAnalysisDebug|Any CPU.Build.0 = Debug|Any CPU
		{EE81C506-55E4-417E-B1D6-09453F89C7CD}.Debug|Any CPU.ActiveCfg = Debug|Any CPU
		{EE81C506-55E4-417E-B1D6-09453F89C7CD}.Debug|Any CPU.Build.0 = Debug|Any CPU
		{EE81C506-55E4-417E-B1D6-09453F89C7CD}.Release|Any CPU.ActiveCfg = Release|Any CPU
		{EE81C506-55E4-417E-B1D6-09453F89C7CD}.Release|Any CPU.Build.0 = Release|Any CPU
		{2E1FB0DF-F9BB-4909-9F32-2D9D022A8E57}.CodeAnalysisDebug|Any CPU.ActiveCfg = Debug|Any CPU
		{2E1FB0DF-F9BB-4909-9F32-2D9D022A8E57}.CodeAnalysisDebug|Any CPU.Build.0 = Debug|Any CPU
		{2E1FB0DF-F9BB-4909-9F32-2D9D022A8E57}.Debug|Any CPU.ActiveCfg = Debug|Any CPU
		{2E1FB0DF-F9BB-4909-9F32-2D9D022A8E57}.Debug|Any CPU.Build.0 = Debug|Any CPU
		{2E1FB0DF-F9BB-4909-9F32-2D9D022A8E57}.Release|Any CPU.ActiveCfg = Release|Any CPU
		{2E1FB0DF-F9BB-4909-9F32-2D9D022A8E57}.Release|Any CPU.Build.0 = Release|Any CPU
		{AA0C00CB-8699-4F37-BFAE-40CA87ACC06D}.CodeAnalysisDebug|Any CPU.ActiveCfg = CodeAnalysisDebug|Any CPU
		{AA0C00CB-8699-4F37-BFAE-40CA87ACC06D}.CodeAnalysisDebug|Any CPU.Build.0 = CodeAnalysisDebug|Any CPU
		{AA0C00CB-8699-4F37-BFAE-40CA87ACC06D}.Debug|Any CPU.ActiveCfg = Debug|Any CPU
		{AA0C00CB-8699-4F37-BFAE-40CA87ACC06D}.Debug|Any CPU.Build.0 = Debug|Any CPU
		{AA0C00CB-8699-4F37-BFAE-40CA87ACC06D}.Release|Any CPU.ActiveCfg = Release|Any CPU
		{AA0C00CB-8699-4F37-BFAE-40CA87ACC06D}.Release|Any CPU.Build.0 = Release|Any CPU
		{7C4E8E11-81E3-4297-A4D9-6F6DB90C8EF7}.CodeAnalysisDebug|Any CPU.ActiveCfg = Debug|Any CPU
		{7C4E8E11-81E3-4297-A4D9-6F6DB90C8EF7}.CodeAnalysisDebug|Any CPU.Build.0 = Debug|Any CPU
		{7C4E8E11-81E3-4297-A4D9-6F6DB90C8EF7}.Debug|Any CPU.ActiveCfg = Debug|Any CPU
		{7C4E8E11-81E3-4297-A4D9-6F6DB90C8EF7}.Release|Any CPU.ActiveCfg = Release|Any CPU
		{2D18BE89-D210-49EB-A9DD-2246FBB3DF6D}.CodeAnalysisDebug|Any CPU.ActiveCfg = Debug|Any CPU
		{2D18BE89-D210-49EB-A9DD-2246FBB3DF6D}.CodeAnalysisDebug|Any CPU.Build.0 = Debug|Any CPU
		{2D18BE89-D210-49EB-A9DD-2246FBB3DF6D}.Debug|Any CPU.ActiveCfg = Debug|Any CPU
		{2D18BE89-D210-49EB-A9DD-2246FBB3DF6D}.Debug|Any CPU.Build.0 = Debug|Any CPU
		{2D18BE89-D210-49EB-A9DD-2246FBB3DF6D}.Release|Any CPU.ActiveCfg = Release|Any CPU
		{2D18BE89-D210-49EB-A9DD-2246FBB3DF6D}.Release|Any CPU.Build.0 = Release|Any CPU
		{8B833B00-BB4C-4FAF-B6C4-BF77824F96A1}.CodeAnalysisDebug|Any CPU.ActiveCfg = Debug|Any CPU
		{8B833B00-BB4C-4FAF-B6C4-BF77824F96A1}.CodeAnalysisDebug|Any CPU.Build.0 = Debug|Any CPU
		{8B833B00-BB4C-4FAF-B6C4-BF77824F96A1}.Debug|Any CPU.ActiveCfg = Debug|Any CPU
		{8B833B00-BB4C-4FAF-B6C4-BF77824F96A1}.Debug|Any CPU.Build.0 = Debug|Any CPU
		{8B833B00-BB4C-4FAF-B6C4-BF77824F96A1}.Release|Any CPU.ActiveCfg = Release|Any CPU
		{8B833B00-BB4C-4FAF-B6C4-BF77824F96A1}.Release|Any CPU.Build.0 = Release|Any CPU
	EndGlobalSection
	GlobalSection(SolutionProperties) = preSolution
		HideSolutionNode = FALSE
	EndGlobalSection
	GlobalSection(NestedProjects) = preSolution
		{2E1FB0DF-F9BB-4909-9F32-2D9D022A8E57} = {3E29A216-D8DA-4858-9EB0-D9C0C565C50B}
		{AA0C00CB-8699-4F37-BFAE-40CA87ACC06D} = {3E29A216-D8DA-4858-9EB0-D9C0C565C50B}
	EndGlobalSection
	GlobalSection(ExtensibilityGlobals) = postSolution
		SolutionGuid = {A1D0D453-219A-44F0-A581-9DC6BC7E6269}
	EndGlobalSection
EndGlobal
