
Microsoft Visual Studio Solution File, Format Version 10.00
# Visual Studio 2008
Project("{FAE04EC0-301F-11D3-BF4B-00C04F79EFBC}") = "Test", "Test\Test.csproj", "{29A745D4-5A2F-4170-A0F1-54C77F151892}"
EndProject
Project("{FAE04EC0-301F-11D3-BF4B-00C04F79EFBC}") = "Log2Console", "Log2Console\Log2Console.csproj", "{EE81C506-55E4-417E-B1D6-09453F89C7CD}"
EndProject
Project("{54435603-DBB4-11D2-8724-00A0C9A8B90C}") = "L2C_Setup", "L2C_Setup\L2C_Setup.vdproj", "{19438485-B918-42F2-8DC7-F352D24AC55E}"
EndProject
Global
	GlobalSection(TeamFoundationVersionControl) = preSolution
		SccNumberOfProjects = 4
		SccEnterpriseProvider = {4CA58AB2-18FA-4F8D-95D4-32DDF27D184C}
		SccTeamFoundationServer = https://tfs04.codeplex.com/
		SccLocalPath0 = .
		SccProjectUniqueName1 = Log2Console\\Log2Console.csproj
		SccProjectName1 = Log2Console
		SccLocalPath1 = Log2Console
		SccProjectUniqueName2 = Test\\Test.csproj
		SccProjectName2 = Test
		SccLocalPath2 = Test
		SccProjectUniqueName3 = L2C_Setup\\L2C_Setup.vdproj
		SccProjectName3 = L2C_Setup
		SccLocalPath3 = L2C_Setup
	EndGlobalSection
	GlobalSection(SolutionConfigurationPlatforms) = preSolution
		CodeAnalysisDebug|Any CPU = CodeAnalysisDebug|Any CPU
		Debug|Any CPU = Debug|Any CPU
		Release|Any CPU = Release|Any CPU
	EndGlobalSection
	GlobalSection(ProjectConfigurationPlatforms) = postSolution
		{29A745D4-5A2F-4170-A0F1-54C77F151892}.CodeAnalysisDebug|Any CPU.ActiveCfg = Debug|Any CPU
		{29A745D4-5A2F-4170-A0F1-54C77F151892}.CodeAnalysisDebug|Any CPU.Build.0 = Debug|Any CPU
		{29A745D4-5A2F-4170-A0F1-54C77F151892}.Debug|Any CPU.ActiveCfg = Debug|Any CPU
		{29A745D4-5A2F-4170-A0F1-54C77F151892}.Debug|Any CPU.Build.0 = Debug|Any CPU
		{29A745D4-5A2F-4170-A0F1-54C77F151892}.Release|Any CPU.ActiveCfg = Release|Any CPU
		{29A745D4-5A2F-4170-A0F1-54C77F151892}.Release|Any CPU.Build.0 = Release|Any CPU
		{EE81C506-55E4-417E-B1D6-09453F89C7CD}.CodeAnalysisDebug|Any CPU.ActiveCfg = Debug|Any CPU
		{EE81C506-55E4-417E-B1D6-09453F89C7CD}.CodeAnalysisDebug|Any CPU.Build.0 = Debug|Any CPU
		{EE81C506-55E4-417E-B1D6-09453F89C7CD}.Debug|Any CPU.ActiveCfg = Debug|Any CPU
		{EE81C506-55E4-417E-B1D6-09453F89C7CD}.Debug|Any CPU.Build.0 = Debug|Any CPU
		{EE81C506-55E4-417E-B1D6-09453F89C7CD}.Release|Any CPU.ActiveCfg = Release|Any CPU
		{EE81C506-55E4-417E-B1D6-09453F89C7CD}.Release|Any CPU.Build.0 = Release|Any CPU
		{19438485-B918-42F2-8DC7-F352D24AC55E}.CodeAnalysisDebug|Any CPU.ActiveCfg = Debug
		{19438485-B918-42F2-8DC7-F352D24AC55E}.CodeAnalysisDebug|Any CPU.Build.0 = Debug
		{19438485-B918-42F2-8DC7-F352D24AC55E}.Debug|Any CPU.ActiveCfg = Debug
		{19438485-B918-42F2-8DC7-F352D24AC55E}.Release|Any CPU.ActiveCfg = Release
	EndGlobalSection
	GlobalSection(SolutionProperties) = preSolution
		HideSolutionNode = FALSE
	EndGlobalSection
EndGlobal
